
Microsoft Visual Studio Solution File, Format Version 12.00
# Visual Studio Version 17
VisualStudioVersion = 17.3.32929.385
MinimumVisualStudioVersion = 10.0.40219.1
Project("{9A19103F-16F7-4668-BE54-9A1E7A4F7556}") = "ERS", "ERS\ERS.csproj", "{0ADE9281-E247-452D-8BC5-A9A7372A9463}"
EndProject
Project("{FAE04EC0-301F-11D3-BF4B-00C04F79EFBC}") = "DataAccess", "DataAccess\DataAccess.csproj", "{1B2A9994-84BD-40B6-9DFB-62C3F4976A6F}"
EndProject
Project("{FAE04EC0-301F-11D3-BF4B-00C04F79EFBC}") = "BusinessLayer", "BusinessLayer\BusinessLayer.csproj", "{5BB76EF9-40EA-47EF-9600-03538DA586FA}"
EndProject
Project("{FAE04EC0-301F-11D3-BF4B-00C04F79EFBC}") = "Models", "Models\Models.csproj", "{2D4BC75A-BFCE-4E04-AD2F-63CF402B9518}"
EndProject
Global
	GlobalSection(SolutionConfigurationPlatforms) = preSolution
		Debug|Any CPU = Debug|Any CPU
		Release|Any CPU = Release|Any CPU
	EndGlobalSection
	GlobalSection(ProjectConfigurationPlatforms) = postSolution
		{0ADE9281-E247-452D-8BC5-A9A7372A9463}.Debug|Any CPU.ActiveCfg = Debug|Any CPU
		{0ADE9281-E247-452D-8BC5-A9A7372A9463}.Debug|Any CPU.Build.0 = Debug|Any CPU
		{0ADE9281-E247-452D-8BC5-A9A7372A9463}.Release|Any CPU.ActiveCfg = Release|Any CPU
		{0ADE9281-E247-452D-8BC5-A9A7372A9463}.Release|Any CPU.Build.0 = Release|Any CPU
		{1B2A9994-84BD-40B6-9DFB-62C3F4976A6F}.Debug|Any CPU.ActiveCfg = Debug|Any CPU
		{1B2A9994-84BD-40B6-9DFB-62C3F4976A6F}.Debug|Any CPU.Build.0 = Debug|Any CPU
		{1B2A9994-84BD-40B6-9DFB-62C3F4976A6F}.Release|Any CPU.ActiveCfg = Release|Any CPU
		{1B2A9994-84BD-40B6-9DFB-62C3F4976A6F}.Release|Any CPU.Build.0 = Release|Any CPU
		{5BB76EF9-40EA-47EF-9600-03538DA586FA}.Debug|Any CPU.ActiveCfg = Debug|Any CPU
		{5BB76EF9-40EA-47EF-9600-03538DA586FA}.Debug|Any CPU.Build.0 = Debug|Any CPU
		{5BB76EF9-40EA-47EF-9600-03538DA586FA}.Release|Any CPU.ActiveCfg = Release|Any CPU
		{5BB76EF9-40EA-47EF-9600-03538DA586FA}.Release|Any CPU.Build.0 = Release|Any CPU
		{2D4BC75A-BFCE-4E04-AD2F-63CF402B9518}.Debug|Any CPU.ActiveCfg = Debug|Any CPU
		{2D4BC75A-BFCE-4E04-AD2F-63CF402B9518}.Debug|Any CPU.Build.0 = Debug|Any CPU
		{2D4BC75A-BFCE-4E04-AD2F-63CF402B9518}.Release|Any CPU.ActiveCfg = Release|Any CPU
		{2D4BC75A-BFCE-4E04-AD2F-63CF402B9518}.Release|Any CPU.Build.0 = Release|Any CPU
	EndGlobalSection
	GlobalSection(SolutionProperties) = preSolution
		HideSolutionNode = FALSE
	EndGlobalSection
	GlobalSection(ExtensibilityGlobals) = postSolution
		SolutionGuid = {C4923CA7-5C2F-42DD-9A22-4D5C2A9C673C}
	EndGlobalSection
EndGlobal
